{
    "_meta": {
        "hash": {
            "sha256": "c3b48562df5b71cb2c3944bbd5d37d0c628201aa5e035ab5bbc9d5cb24b05fd0"
        },
        "pipfile-spec": 6,
        "requires": {
            "python_version": "*"
        },
        "sources": [
            {
                "name": "pypi",
                "url": "https://pypi.org/simple",
                "verify_ssl": true
            }
        ]
    },
    "default": {
        "prometheus-client": {
            "hashes": [
                "sha256:6ae8f9081eaaaf153a2e959d2e6c4f4fb57b12ef76c8c7980202f1e57b48b2ce",
                "sha256:dd1913e6e76b59cfe44e7a4b83e01afc9873c1bdfd2ed8739f1e76aeca115f99"
            ],
            "index": "pypi",
            "markers": "python_version >= '3.9'",
            "version": "==0.23.1"
        }
    },
    "develop": {}
}
