{
    "_meta": {
        "hash": {
            "sha256": "c3b48562df5b71cb2c3944bbd5d37d0c628201aa5e035ab5bbc9d5cb24b05fd0"
        },
        "pipfile-spec": 6,
        "requires": {
            "python_version": "*"
        },
        "sources": [
            {
                "name": "pypi",
                "url": "https://pypi.org/simple",
                "verify_ssl": true
            }
        ]
    },
    "default": {
        "prometheus-client": {
            "hashes": [
                "sha256:18da1d2241ac2d10c8d2110f13eedcd5c7c0c8af18c926e8731f04fc10cd575c",
                "sha256:c8951bbe64e62b96cd8e8f5d917279d1b9b91ab766793f33d4dce6c228558713"
            ],
            "index": "pypi",
            "markers": "python_version >= '3.9'",
            "version": "==0.22.0"
        }
    },
    "develop": {}
}
