{
    "_meta": {
        "hash": {
            "sha256": "c3b48562df5b71cb2c3944bbd5d37d0c628201aa5e035ab5bbc9d5cb24b05fd0"
        },
        "pipfile-spec": 6,
        "requires": {
            "python_version": "*"
        },
        "sources": [
            {
                "name": "pypi",
                "url": "https://pypi.org/simple",
                "verify_ssl": true
            }
        ]
    },
    "default": {
        "prometheus-client": {
            "hashes": [
                "sha256:4ab6d4fb5a1b25ad74b58e6271857e356fff3399473e599d227ab5d0ce6637f0",
                "sha256:726b40c0d499f4904d4b5b7abe8d43e6aff090de0d468ae8f2226290b331c667"
            ],
            "index": "pypi",
            "markers": "python_version >= '3.9'",
            "version": "==0.24.0"
        }
    },
    "develop": {}
}
